
Microsoft Visual Studio Solution File, Format Version 12.00
# Visual Studio 15
VisualStudioVersion = 15.0.27130.2036
MinimumVisualStudioVersion = 10.0.40219.1
Project("{FAE04EC0-301F-11D3-BF4B-00C04F79EFBC}") = "NET.W.2018.Zenovich.03.API", "NET.W.2018.Zenovich.03.API\NET.W.2018.Zenovich.03.API.csproj", "{77E6D87C-7DEB-495D-ADBD-6938E74B28D9}"
EndProject
Project("{FAE04EC0-301F-11D3-BF4B-00C04F79EFBC}") = "NET.W.2018.Zenovich.03.Tests", "NET.W.2018.Zenovich.03.Tests\NET.W.2018.Zenovich.03.Tests.csproj", "{B4E5AE49-CC5C-48E1-A8E1-327D5E9947CE}"
EndProject
Project("{FAE04EC0-301F-11D3-BF4B-00C04F79EFBC}") = "NET.W.2018.Zenovich.03.Model", "NET.W.2018.Zenovich.03.Model\NET.W.2018.Zenovich.03.Model.csproj", "{9F8C80D6-8881-4D15-9ADF-270DFD08D04D}"
EndProject
Global
	GlobalSection(SolutionConfigurationPlatforms) = preSolution
		Debug|Any CPU = Debug|Any CPU
		Release|Any CPU = Release|Any CPU
	EndGlobalSection
	GlobalSection(ProjectConfigurationPlatforms) = postSolution
		{77E6D87C-7DEB-495D-ADBD-6938E74B28D9}.Debug|Any CPU.ActiveCfg = Debug|Any CPU
		{77E6D87C-7DEB-495D-ADBD-6938E74B28D9}.Debug|Any CPU.Build.0 = Debug|Any CPU
		{77E6D87C-7DEB-495D-ADBD-6938E74B28D9}.Release|Any CPU.ActiveCfg = Release|Any CPU
		{77E6D87C-7DEB-495D-ADBD-6938E74B28D9}.Release|Any CPU.Build.0 = Release|Any CPU
		{B4E5AE49-CC5C-48E1-A8E1-327D5E9947CE}.Debug|Any CPU.ActiveCfg = Debug|Any CPU
		{B4E5AE49-CC5C-48E1-A8E1-327D5E9947CE}.Debug|Any CPU.Build.0 = Debug|Any CPU
		{B4E5AE49-CC5C-48E1-A8E1-327D5E9947CE}.Release|Any CPU.ActiveCfg = Release|Any CPU
		{B4E5AE49-CC5C-48E1-A8E1-327D5E9947CE}.Release|Any CPU.Build.0 = Release|Any CPU
		{9F8C80D6-8881-4D15-9ADF-270DFD08D04D}.Debug|Any CPU.ActiveCfg = Debug|Any CPU
		{9F8C80D6-8881-4D15-9ADF-270DFD08D04D}.Debug|Any CPU.Build.0 = Debug|Any CPU
		{9F8C80D6-8881-4D15-9ADF-270DFD08D04D}.Release|Any CPU.ActiveCfg = Release|Any CPU
		{9F8C80D6-8881-4D15-9ADF-270DFD08D04D}.Release|Any CPU.Build.0 = Release|Any CPU
	EndGlobalSection
	GlobalSection(SolutionProperties) = preSolution
		HideSolutionNode = FALSE
	EndGlobalSection
	GlobalSection(ExtensibilityGlobals) = postSolution
		SolutionGuid = {03EEB795-0CC3-469D-B2C3-36871F3B6133}
	EndGlobalSection
EndGlobal
